
Microsoft Visual Studio Solution File, Format Version 12.00
# Visual Studio Version 17
VisualStudioVersion = 17.7.34221.43
MinimumVisualStudioVersion = 10.0.40219.1
Project("{FAE04EC0-301F-11D3-BF4B-00C04F79EFBC}") = "Exe06", "Exe06.csproj", "{012ACC37-5AE2-437B-9894-F5BE6F22AF96}"
EndProject
Global
	GlobalSection(SolutionConfigurationPlatforms) = preSolution
		Debug|Any CPU = Debug|Any CPU
		Release|Any CPU = Release|Any CPU
	EndGlobalSection
	GlobalSection(ProjectConfigurationPlatforms) = postSolution
		{012ACC37-5AE2-437B-9894-F5BE6F22AF96}.Debug|Any CPU.ActiveCfg = Debug|Any CPU
		{012ACC37-5AE2-437B-9894-F5BE6F22AF96}.Debug|Any CPU.Build.0 = Debug|Any CPU
		{012ACC37-5AE2-437B-9894-F5BE6F22AF96}.Release|Any CPU.ActiveCfg = Release|Any CPU
		{012ACC37-5AE2-437B-9894-F5BE6F22AF96}.Release|Any CPU.Build.0 = Release|Any CPU
	EndGlobalSection
	GlobalSection(SolutionProperties) = preSolution
		HideSolutionNode = FALSE
	EndGlobalSection
	GlobalSection(ExtensibilityGlobals) = postSolution
		SolutionGuid = {1BAF29D9-7352-4054-B42D-30FFFBCD9F67}
	EndGlobalSection
EndGlobal
