
Microsoft Visual Studio Solution File, Format Version 12.00
# Visual Studio Version 17
VisualStudioVersion = 17.8.34316.72
MinimumVisualStudioVersion = 10.0.40219.1
Project("{FAE04EC0-301F-11D3-BF4B-00C04F79EFBC}") = "Exe30", "Exe30.csproj", "{38775EF2-3BD2-44BF-B178-55D7B6ABAD94}"
EndProject
Global
	GlobalSection(SolutionConfigurationPlatforms) = preSolution
		Debug|Any CPU = Debug|Any CPU
		Release|Any CPU = Release|Any CPU
	EndGlobalSection
	GlobalSection(ProjectConfigurationPlatforms) = postSolution
		{38775EF2-3BD2-44BF-B178-55D7B6ABAD94}.Debug|Any CPU.ActiveCfg = Debug|Any CPU
		{38775EF2-3BD2-44BF-B178-55D7B6ABAD94}.Debug|Any CPU.Build.0 = Debug|Any CPU
		{38775EF2-3BD2-44BF-B178-55D7B6ABAD94}.Release|Any CPU.ActiveCfg = Release|Any CPU
		{38775EF2-3BD2-44BF-B178-55D7B6ABAD94}.Release|Any CPU.Build.0 = Release|Any CPU
	EndGlobalSection
	GlobalSection(SolutionProperties) = preSolution
		HideSolutionNode = FALSE
	EndGlobalSection
	GlobalSection(ExtensibilityGlobals) = postSolution
		SolutionGuid = {6E78C870-160F-49CB-8F46-4686A277E35D}
	EndGlobalSection
EndGlobal
