
Microsoft Visual Studio Solution File, Format Version 12.00
# Visual Studio Version 17
VisualStudioVersion = 17.8.34309.116
MinimumVisualStudioVersion = 10.0.40219.1
Project("{FAE04EC0-301F-11D3-BF4B-00C04F79EFBC}") = "Exe17", "Exe17.csproj", "{4445A0DB-8CEA-4BDF-9B06-301AF194B00A}"
EndProject
Global
	GlobalSection(SolutionConfigurationPlatforms) = preSolution
		Debug|Any CPU = Debug|Any CPU
		Release|Any CPU = Release|Any CPU
	EndGlobalSection
	GlobalSection(ProjectConfigurationPlatforms) = postSolution
		{4445A0DB-8CEA-4BDF-9B06-301AF194B00A}.Debug|Any CPU.ActiveCfg = Debug|Any CPU
		{4445A0DB-8CEA-4BDF-9B06-301AF194B00A}.Debug|Any CPU.Build.0 = Debug|Any CPU
		{4445A0DB-8CEA-4BDF-9B06-301AF194B00A}.Release|Any CPU.ActiveCfg = Release|Any CPU
		{4445A0DB-8CEA-4BDF-9B06-301AF194B00A}.Release|Any CPU.Build.0 = Release|Any CPU
	EndGlobalSection
	GlobalSection(SolutionProperties) = preSolution
		HideSolutionNode = FALSE
	EndGlobalSection
	GlobalSection(ExtensibilityGlobals) = postSolution
		SolutionGuid = {23E1122E-C3DB-4556-9FF5-6B3108D376CA}
	EndGlobalSection
EndGlobal
