
Microsoft Visual Studio Solution File, Format Version 12.00
# Visual Studio Version 17
VisualStudioVersion = 17.8.34316.72
MinimumVisualStudioVersion = 10.0.40219.1
Project("{FAE04EC0-301F-11D3-BF4B-00C04F79EFBC}") = "Exe29", "Exe29.csproj", "{9D67031E-88CF-467F-BF46-0F1874117200}"
EndProject
Global
	GlobalSection(SolutionConfigurationPlatforms) = preSolution
		Debug|Any CPU = Debug|Any CPU
		Release|Any CPU = Release|Any CPU
	EndGlobalSection
	GlobalSection(ProjectConfigurationPlatforms) = postSolution
		{9D67031E-88CF-467F-BF46-0F1874117200}.Debug|Any CPU.ActiveCfg = Debug|Any CPU
		{9D67031E-88CF-467F-BF46-0F1874117200}.Debug|Any CPU.Build.0 = Debug|Any CPU
		{9D67031E-88CF-467F-BF46-0F1874117200}.Release|Any CPU.ActiveCfg = Release|Any CPU
		{9D67031E-88CF-467F-BF46-0F1874117200}.Release|Any CPU.Build.0 = Release|Any CPU
	EndGlobalSection
	GlobalSection(SolutionProperties) = preSolution
		HideSolutionNode = FALSE
	EndGlobalSection
	GlobalSection(ExtensibilityGlobals) = postSolution
		SolutionGuid = {6D24A623-99BF-49DE-9FDA-42FA414E784D}
	EndGlobalSection
EndGlobal
