
Microsoft Visual Studio Solution File, Format Version 12.00
# Visual Studio Version 17
VisualStudioVersion = 17.8.34309.116
MinimumVisualStudioVersion = 10.0.40219.1
Project("{FAE04EC0-301F-11D3-BF4B-00C04F79EFBC}") = "Exe20", "Exe20.csproj", "{AA843A84-D5FB-4B02-A8EB-7489DC5F68BB}"
EndProject
Global
	GlobalSection(SolutionConfigurationPlatforms) = preSolution
		Debug|Any CPU = Debug|Any CPU
		Release|Any CPU = Release|Any CPU
	EndGlobalSection
	GlobalSection(ProjectConfigurationPlatforms) = postSolution
		{AA843A84-D5FB-4B02-A8EB-7489DC5F68BB}.Debug|Any CPU.ActiveCfg = Debug|Any CPU
		{AA843A84-D5FB-4B02-A8EB-7489DC5F68BB}.Debug|Any CPU.Build.0 = Debug|Any CPU
		{AA843A84-D5FB-4B02-A8EB-7489DC5F68BB}.Release|Any CPU.ActiveCfg = Release|Any CPU
		{AA843A84-D5FB-4B02-A8EB-7489DC5F68BB}.Release|Any CPU.Build.0 = Release|Any CPU
	EndGlobalSection
	GlobalSection(SolutionProperties) = preSolution
		HideSolutionNode = FALSE
	EndGlobalSection
	GlobalSection(ExtensibilityGlobals) = postSolution
		SolutionGuid = {D8151202-4DDF-4BBE-8B9A-8F96A173B07E}
	EndGlobalSection
EndGlobal
