
Microsoft Visual Studio Solution File, Format Version 12.00
# Visual Studio Version 17
VisualStudioVersion = 17.7.34221.43
MinimumVisualStudioVersion = 10.0.40219.1
Project("{FAE04EC0-301F-11D3-BF4B-00C04F79EFBC}") = "Exe016", "Exe016.csproj", "{831865C5-A0CF-4194-8AC5-390D5993AE2E}"
EndProject
Global
	GlobalSection(SolutionConfigurationPlatforms) = preSolution
		Debug|Any CPU = Debug|Any CPU
		Release|Any CPU = Release|Any CPU
	EndGlobalSection
	GlobalSection(ProjectConfigurationPlatforms) = postSolution
		{831865C5-A0CF-4194-8AC5-390D5993AE2E}.Debug|Any CPU.ActiveCfg = Debug|Any CPU
		{831865C5-A0CF-4194-8AC5-390D5993AE2E}.Debug|Any CPU.Build.0 = Debug|Any CPU
		{831865C5-A0CF-4194-8AC5-390D5993AE2E}.Release|Any CPU.ActiveCfg = Release|Any CPU
		{831865C5-A0CF-4194-8AC5-390D5993AE2E}.Release|Any CPU.Build.0 = Release|Any CPU
	EndGlobalSection
	GlobalSection(SolutionProperties) = preSolution
		HideSolutionNode = FALSE
	EndGlobalSection
	GlobalSection(ExtensibilityGlobals) = postSolution
		SolutionGuid = {327957F0-203E-4706-814E-3FC04357CAE4}
	EndGlobalSection
EndGlobal
