
Microsoft Visual Studio Solution File, Format Version 12.00
# Visual Studio Version 17
VisualStudioVersion = 17.7.34221.43
MinimumVisualStudioVersion = 10.0.40219.1
Project("{FAE04EC0-301F-11D3-BF4B-00C04F79EFBC}") = "Exe09", "Exe09.csproj", "{39718DFD-1C51-4F48-B6CE-4370DE304FF1}"
EndProject
Global
	GlobalSection(SolutionConfigurationPlatforms) = preSolution
		Debug|Any CPU = Debug|Any CPU
		Release|Any CPU = Release|Any CPU
	EndGlobalSection
	GlobalSection(ProjectConfigurationPlatforms) = postSolution
		{39718DFD-1C51-4F48-B6CE-4370DE304FF1}.Debug|Any CPU.ActiveCfg = Debug|Any CPU
		{39718DFD-1C51-4F48-B6CE-4370DE304FF1}.Debug|Any CPU.Build.0 = Debug|Any CPU
		{39718DFD-1C51-4F48-B6CE-4370DE304FF1}.Release|Any CPU.ActiveCfg = Release|Any CPU
		{39718DFD-1C51-4F48-B6CE-4370DE304FF1}.Release|Any CPU.Build.0 = Release|Any CPU
	EndGlobalSection
	GlobalSection(SolutionProperties) = preSolution
		HideSolutionNode = FALSE
	EndGlobalSection
	GlobalSection(ExtensibilityGlobals) = postSolution
		SolutionGuid = {40DEEE65-941D-4925-9A9F-19D1C8C9C999}
	EndGlobalSection
EndGlobal
